Microsoft Visual Studio Solution File, Format Version 12.00
Project("{9A19103F-16F7-4668-BE54-9A1E7A4F7556}") = "JustinWritesCode.DtoGenerator.Samples", "JustinWritesCode.DtoGenerator.Samples.csproj", "{F7A148E8-C756-4787-9DDA-0837AEB32CD6}"
EndProject
Project("{9A19103F-16F7-4668-BE54-9A1E7A4F7556}") = "JustinWritesCode.CodeGeneration.DtoGenerator", "..\src\JustinWritesCode.CodeGeneration.DtoGenerator.csproj", "{D1551B56-0CE9-4AD4-A6E0-98CD43AF165B}"
EndProject
Project("{2150E333-8FDC-42A3-9474-1A3956D46DE8}") = "src", "src", "{8BB9DAD8-2C8F-4A1B-8632-D1C7660D0495}"
EndProject
Global
	GlobalSection(SolutionConfigurationPlatforms) = preSolution
		Local|Any CPU = Local|Any CPU
		Debug|Any CPU = Debug|Any CPU
		Staging|Any CPU = Staging|Any CPU
		Release|Any CPU = Release|Any CPU
		Testing|Any CPU = Testing|Any CPU
	EndGlobalSection
	GlobalSection(ProjectConfigurationPlatforms) = postSolution
		{F7A148E8-C756-4787-9DDA-0837AEB32CD6}.Local|Any CPU.ActiveCfg = Local|Any CPU
		{F7A148E8-C756-4787-9DDA-0837AEB32CD6}.Local|Any CPU.Build.0 = Local|Any CPU
		{F7A148E8-C756-4787-9DDA-0837AEB32CD6}.Debug|Any CPU.ActiveCfg = Debug|Any CPU
		{F7A148E8-C756-4787-9DDA-0837AEB32CD6}.Debug|Any CPU.Build.0 = Debug|Any CPU
		{F7A148E8-C756-4787-9DDA-0837AEB32CD6}.Staging|Any CPU.ActiveCfg = Staging|Any CPU
		{F7A148E8-C756-4787-9DDA-0837AEB32CD6}.Staging|Any CPU.Build.0 = Staging|Any CPU
		{F7A148E8-C756-4787-9DDA-0837AEB32CD6}.Release|Any CPU.ActiveCfg = Release|Any CPU
		{F7A148E8-C756-4787-9DDA-0837AEB32CD6}.Release|Any CPU.Build.0 = Release|Any CPU
		{F7A148E8-C756-4787-9DDA-0837AEB32CD6}.Testing|Any CPU.ActiveCfg = Testing|Any CPU
		{F7A148E8-C756-4787-9DDA-0837AEB32CD6}.Testing|Any CPU.Build.0 = Testing|Any CPU
		{D1551B56-0CE9-4AD4-A6E0-98CD43AF165B}.Local|Any CPU.ActiveCfg = Local|Any CPU
		{D1551B56-0CE9-4AD4-A6E0-98CD43AF165B}.Local|Any CPU.Build.0 = Local|Any CPU
		{D1551B56-0CE9-4AD4-A6E0-98CD43AF165B}.Debug|Any CPU.ActiveCfg = Debug|Any CPU
		{D1551B56-0CE9-4AD4-A6E0-98CD43AF165B}.Debug|Any CPU.Build.0 = Debug|Any CPU
		{D1551B56-0CE9-4AD4-A6E0-98CD43AF165B}.Staging|Any CPU.ActiveCfg = Staging|Any CPU
		{D1551B56-0CE9-4AD4-A6E0-98CD43AF165B}.Staging|Any CPU.Build.0 = Staging|Any CPU
		{D1551B56-0CE9-4AD4-A6E0-98CD43AF165B}.Release|Any CPU.ActiveCfg = Release|Any CPU
		{D1551B56-0CE9-4AD4-A6E0-98CD43AF165B}.Release|Any CPU.Build.0 = Release|Any CPU
		{D1551B56-0CE9-4AD4-A6E0-98CD43AF165B}.Testing|Any CPU.ActiveCfg = Testing|Any CPU
		{D1551B56-0CE9-4AD4-A6E0-98CD43AF165B}.Testing|Any CPU.Build.0 = Testing|Any CPU
	EndGlobalSection
	GlobalSection(SolutionProperties) = preSolution
		HideSolutionNode = FALSE
	EndGlobalSection
	GlobalSection(NestedProjects) = preSolution
		{F7A148E8-C756-4787-9DDA-0837AEB32CD6} = {8BB9DAD8-2C8F-4A1B-8632-D1C7660D0495}
		{D1551B56-0CE9-4AD4-A6E0-98CD43AF165B} = {8BB9DAD8-2C8F-4A1B-8632-D1C7660D0495}
	EndGlobalSection
	GlobalSection(ExtensibilityGlobals) = postSolution
		SolutionGuid = {8CFA6496-13F4-45EB-AA2A-4579A8A88EA3}
	EndGlobalSection
EndGlobal
