Microsoft Visual Studio Solution File, Format Version 12.00
Project("{9A19103F-16F7-4668-BE54-9A1E7A4F7556}") = "JustinWritesCode.CodeGeneration.Abstractions", "JustinWritesCode.CodeGeneration.Abstractions.shproj", "{866E0461-96A3-4D9D-AF05-ADAF2CE4A753}"
EndProject
Project("{2150E333-8FDC-42A3-9474-1A3956D46DE8}") = "src", "src", "{53FAEB04-167B-4BDA-A0FA-B75285B23798}"
EndProject
Global
	GlobalSection(SolutionConfigurationPlatforms) = preSolution
		@(Configuration)|Any CPU = @(Configuration)|Any CPU
	EndGlobalSection
	GlobalSection(ProjectConfigurationPlatforms) = postSolution
		{866E0461-96A3-4D9D-AF05-ADAF2CE4A753}.@(Configuration)|Any CPU.ActiveCfg = @(Configuration)|Any CPU
		{866E0461-96A3-4D9D-AF05-ADAF2CE4A753}.@(Configuration)|Any CPU.Build.0 = @(Configuration)|Any CPU
	EndGlobalSection
	GlobalSection(SolutionProperties) = preSolution
		HideSolutionNode = FALSE
	EndGlobalSection
	GlobalSection(NestedProjects) = preSolution
		{866E0461-96A3-4D9D-AF05-ADAF2CE4A753} = {53FAEB04-167B-4BDA-A0FA-B75285B23798}
	EndGlobalSection
	GlobalSection(ExtensibilityGlobals) = postSolution
		SolutionGuid = {0DB1426E-2DCA-4164-8FE0-BF4DB749620A}
	EndGlobalSection
EndGlobal
